
Microsoft Visual Studio Solution File, Format Version 12.00
# Visual Studio 14
VisualStudioVersion = 14.0.24720.0
MinimumVisualStudioVersion = 10.0.40219.1
Project("{FAE04EC0-301F-11D3-BF4B-00C04F79EFBC}") = "X10SerialSlave.Server", "X10SerialSlave.Server\X10SerialSlave.Server.csproj", "{CEBEBB6E-8A31-4AAD-A1EA-C0C96218BA9C}"
EndProject
Project("{8BC9CEB8-8B4A-11D0-8D11-00A0C91BC942}") = "X10SerialSlave.Client", "X10SerialSlave.Client\X10SerialServer.Client.vcxproj", "{C5F80730-F44F-4478-BDAE-6634EFC2CA88}"
EndProject
Project("{FAE04EC0-301F-11D3-BF4B-00C04F79EFBC}") = "nRF24L01", "nRF24L01\nRF24L01.csproj", "{D134678E-33D7-4F4C-B30F-96D795D86E95}"
EndProject
Global
	GlobalSection(SolutionConfigurationPlatforms) = preSolution
		Debug|Any CPU = Debug|Any CPU
		Debug|ARM = Debug|ARM
		Debug|x64 = Debug|x64
		Debug|x86 = Debug|x86
		Release|Any CPU = Release|Any CPU
		Release|ARM = Release|ARM
		Release|x64 = Release|x64
		Release|x86 = Release|x86
	EndGlobalSection
	GlobalSection(ProjectConfigurationPlatforms) = postSolution
		{CEBEBB6E-8A31-4AAD-A1EA-C0C96218BA9C}.Debug|Any CPU.ActiveCfg = Debug|x86
		{CEBEBB6E-8A31-4AAD-A1EA-C0C96218BA9C}.Debug|ARM.ActiveCfg = Debug|ARM
		{CEBEBB6E-8A31-4AAD-A1EA-C0C96218BA9C}.Debug|ARM.Build.0 = Debug|ARM
		{CEBEBB6E-8A31-4AAD-A1EA-C0C96218BA9C}.Debug|x64.ActiveCfg = Debug|x64
		{CEBEBB6E-8A31-4AAD-A1EA-C0C96218BA9C}.Debug|x64.Build.0 = Debug|x64
		{CEBEBB6E-8A31-4AAD-A1EA-C0C96218BA9C}.Debug|x86.ActiveCfg = Debug|ARM
		{CEBEBB6E-8A31-4AAD-A1EA-C0C96218BA9C}.Debug|x86.Build.0 = Debug|ARM
		{CEBEBB6E-8A31-4AAD-A1EA-C0C96218BA9C}.Debug|x86.Deploy.0 = Debug|ARM
		{CEBEBB6E-8A31-4AAD-A1EA-C0C96218BA9C}.Release|Any CPU.ActiveCfg = Release|x86
		{CEBEBB6E-8A31-4AAD-A1EA-C0C96218BA9C}.Release|ARM.ActiveCfg = Release|ARM
		{CEBEBB6E-8A31-4AAD-A1EA-C0C96218BA9C}.Release|ARM.Build.0 = Release|ARM
		{CEBEBB6E-8A31-4AAD-A1EA-C0C96218BA9C}.Release|x64.ActiveCfg = Release|x64
		{CEBEBB6E-8A31-4AAD-A1EA-C0C96218BA9C}.Release|x64.Build.0 = Release|x64
		{CEBEBB6E-8A31-4AAD-A1EA-C0C96218BA9C}.Release|x86.ActiveCfg = Release|x86
		{CEBEBB6E-8A31-4AAD-A1EA-C0C96218BA9C}.Release|x86.Build.0 = Release|x86
		{C5F80730-F44F-4478-BDAE-6634EFC2CA88}.Debug|Any CPU.ActiveCfg = Debug|Win32
		{C5F80730-F44F-4478-BDAE-6634EFC2CA88}.Debug|ARM.ActiveCfg = Debug|Win32
		{C5F80730-F44F-4478-BDAE-6634EFC2CA88}.Debug|x64.ActiveCfg = Debug|Win32
		{C5F80730-F44F-4478-BDAE-6634EFC2CA88}.Debug|x86.ActiveCfg = Debug|Win32
		{C5F80730-F44F-4478-BDAE-6634EFC2CA88}.Debug|x86.Build.0 = Debug|Win32
		{C5F80730-F44F-4478-BDAE-6634EFC2CA88}.Debug|x86.Deploy.0 = Debug|Win32
		{C5F80730-F44F-4478-BDAE-6634EFC2CA88}.Release|Any CPU.ActiveCfg = Release|Win32
		{C5F80730-F44F-4478-BDAE-6634EFC2CA88}.Release|ARM.ActiveCfg = Release|Win32
		{C5F80730-F44F-4478-BDAE-6634EFC2CA88}.Release|x64.ActiveCfg = Release|Win32
		{C5F80730-F44F-4478-BDAE-6634EFC2CA88}.Release|x86.ActiveCfg = Release|Win32
		{C5F80730-F44F-4478-BDAE-6634EFC2CA88}.Release|x86.Build.0 = Release|Win32
		{D134678E-33D7-4F4C-B30F-96D795D86E95}.Debug|Any CPU.ActiveCfg = Debug|Any CPU
		{D134678E-33D7-4F4C-B30F-96D795D86E95}.Debug|Any CPU.Build.0 = Debug|Any CPU
		{D134678E-33D7-4F4C-B30F-96D795D86E95}.Debug|ARM.ActiveCfg = Debug|ARM
		{D134678E-33D7-4F4C-B30F-96D795D86E95}.Debug|ARM.Build.0 = Debug|ARM
		{D134678E-33D7-4F4C-B30F-96D795D86E95}.Debug|x64.ActiveCfg = Debug|x64
		{D134678E-33D7-4F4C-B30F-96D795D86E95}.Debug|x64.Build.0 = Debug|x64
		{D134678E-33D7-4F4C-B30F-96D795D86E95}.Debug|x86.ActiveCfg = Debug|ARM
		{D134678E-33D7-4F4C-B30F-96D795D86E95}.Debug|x86.Build.0 = Debug|ARM
		{D134678E-33D7-4F4C-B30F-96D795D86E95}.Release|Any CPU.ActiveCfg = Release|Any CPU
		{D134678E-33D7-4F4C-B30F-96D795D86E95}.Release|Any CPU.Build.0 = Release|Any CPU
		{D134678E-33D7-4F4C-B30F-96D795D86E95}.Release|ARM.ActiveCfg = Release|ARM
		{D134678E-33D7-4F4C-B30F-96D795D86E95}.Release|ARM.Build.0 = Release|ARM
		{D134678E-33D7-4F4C-B30F-96D795D86E95}.Release|x64.ActiveCfg = Release|x64
		{D134678E-33D7-4F4C-B30F-96D795D86E95}.Release|x64.Build.0 = Release|x64
		{D134678E-33D7-4F4C-B30F-96D795D86E95}.Release|x86.ActiveCfg = Release|x86
		{D134678E-33D7-4F4C-B30F-96D795D86E95}.Release|x86.Build.0 = Release|x86
	EndGlobalSection
	GlobalSection(SolutionProperties) = preSolution
		HideSolutionNode = FALSE
	EndGlobalSection
EndGlobal
